// !$*UTF8*$!
{
	archiveVersion = 1;
	classes = {
	};
	objectVersion = 56;
	objects = {

/* Begin PBXBuildFile section */
		045D29FE2A396DAF00E7F13F /* AppDelegate.swift in Sources */ = {isa = PBXBuildFile; fileRef = 045D29FD2A396DAF00E7F13F /* AppDelegate.swift */; };
		045D2A002A396DAF00E7F13F /* SceneDelegate.swift in Sources */ = {isa = PBXBuildFile; fileRef = 045D29FF2A396DAF00E7F13F /* SceneDelegate.swift */; };
		045D2A022A396DAF00E7F13F /* TypeRegisterViewController.swift in Sources */ = {isa = PBXBuildFile; fileRef = 045D2A012A396DAF00E7F13F /* TypeRegisterViewController.swift */; };
		045D2A052A396DAF00E7F13F /* Main.storyboard in Resources */ = {isa = PBXBuildFile; fileRef = 045D2A032A396DAF00E7F13F /* Main.storyboard */; };
		045D2A082A396DAF00E7F13F /* OnePieceCoreDataProject.xcdatamodeld in Sources */ = {isa = PBXBuildFile; fileRef = 045D2A062A396DAF00E7F13F /* OnePieceCoreDataProject.xcdatamodeld */; };
		045D2A0A2A396DB100E7F13F /* Assets.xcassets in Resources */ = {isa = PBXBuildFile; fileRef = 045D2A092A396DB100E7F13F /* Assets.xcassets */; };
		045D2A0D2A396DB100E7F13F /* LaunchScreen.storyboard in Resources */ = {isa = PBXBuildFile; fileRef = 045D2A0B2A396DB100E7F13F /* LaunchScreen.storyboard */; };
		045D2A152A3976A200E7F13F /* TypeDisplayListViewController.swift in Sources */ = {isa = PBXBuildFile; fileRef = 045D2A142A3976A200E7F13F /* TypeDisplayListViewController.swift */; };
		045D2A172A3982BF00E7F13F /* UserModel.swift in Sources */ = {isa = PBXBuildFile; fileRef = 045D2A162A3982BF00E7F13F /* UserModel.swift */; };
		045D2A192A3983D800E7F13F /* Database Manager.swift in Sources */ = {isa = PBXBuildFile; fileRef = 045D2A182A3983D800E7F13F /* Database Manager.swift */; };
/* End PBXBuildFile section */

/* Begin PBXFileReference section */
		045D29FA2A396DAF00E7F13F /* OnePieceCoreDataProject.app */ = {isa = PBXFileReference; explicitFileType = wrapper.application; includeInIndex = 0; path = OnePieceCoreDataProject.app; sourceTree = BUILT_PRODUCTS_DIR; };
		045D29FD2A396DAF00E7F13F /* AppDelegate.swift */ = {isa = PBXFileReference; lastKnownFileType = sourcecode.swift; path = AppDelegate.swift; sourceTree = "<group>"; };
		045D29FF2A396DAF00E7F13F /* SceneDelegate.swift */ = {isa = PBXFileReference; lastKnownFileType = sourcecode.swift; path = SceneDelegate.swift; sourceTree = "<group>"; };
		045D2A012A396DAF00E7F13F /* TypeRegisterViewController.swift */ = {isa = PBXFileReference; lastKnownFileType = sourcecode.swift; path = TypeRegisterViewController.swift; sourceTree = "<group>"; };
		045D2A042A396DAF00E7F13F /* Base */ = {isa = PBXFileReference; lastKnownFileType = file.storyboard; name = Base; path = Base.lproj/Main.storyboard; sourceTree = "<group>"; };
		045D2A072A396DAF00E7F13F /* OnePieceCoreDataProject.xcdatamodel */ = {isa = PBXFileReference; lastKnownFileType = wrapper.xcdatamodel; path = OnePieceCoreDataProject.xcdatamodel; sourceTree = "<group>"; };
		045D2A092A396DB100E7F13F /* Assets.xcassets */ = {isa = PBXFileReference; lastKnownFileType = folder.assetcatalog; path = Assets.xcassets; sourceTree = "<group>"; };
		045D2A0C2A396DB100E7F13F /* Base */ = {isa = PBXFileReference; lastKnownFileType = file.storyboard; name = Base; path = Base.lproj/LaunchScreen.storyboard; sourceTree = "<group>"; };
		045D2A0E2A396DB100E7F13F /* Info.plist */ = {isa = PBXFileReference; lastKnownFileType = text.plist.xml; path = Info.plist; sourceTree = "<group>"; };
		045D2A142A3976A200E7F13F /* TypeDisplayListViewController.swift */ = {isa = PBXFileReference; lastKnownFileType = sourcecode.swift; path = TypeDisplayListViewController.swift; sourceTree = "<group>"; };
		045D2A162A3982BF00E7F13F /* UserModel.swift */ = {isa = PBXFileReference; lastKnownFileType = sourcecode.swift; path = UserModel.swift; sourceTree = "<group>"; };
		045D2A182A3983D800E7F13F /* Database Manager.swift */ = {isa = PBXFileReference; lastKnownFileType = sourcecode.swift; path = "Database Manager.swift"; sourceTree = "<group>"; };
/* End PBXFileReference section */

/* Begin PBXFrameworksBuildPhase section */
		045D29F72A396DAF00E7F13F /* Frameworks */ = {
			isa = PBXFrameworksBuildPhase;
			buildActionMask = 2147483647;
			files = (
			);
			runOnlyForDeploymentPostprocessing = 0;
		};
/* End PBXFrameworksBuildPhase section */

/* Begin PBXGroup section */
		045D29F12A396DAF00E7F13F = {
			isa = PBXGroup;
			children = (
				045D29FC2A396DAF00E7F13F /* OnePieceCoreDataProject */,
				045D29FB2A396DAF00E7F13F /* Products */,
			);
			sourceTree = "<group>";
		};
		045D29FB2A396DAF00E7F13F /* Products */ = {
			isa = PBXGroup;
			children = (
				045D29FA2A396DAF00E7F13F /* OnePieceCoreDataProject.app */,
			);
			name = Products;
			sourceTree = "<group>";
		};
		045D29FC2A396DAF00E7F13F /* OnePieceCoreDataProject */ = {
			isa = PBXGroup;
			children = (
				045D29FD2A396DAF00E7F13F /* AppDelegate.swift */,
				045D29FF2A396DAF00E7F13F /* SceneDelegate.swift */,
				045D2A182A3983D800E7F13F /* Database Manager.swift */,
				045D2A162A3982BF00E7F13F /* UserModel.swift */,
				045D2A012A396DAF00E7F13F /* TypeRegisterViewController.swift */,
				045D2A142A3976A200E7F13F /* TypeDisplayListViewController.swift */,
				045D2A032A396DAF00E7F13F /* Main.storyboard */,
				045D2A092A396DB100E7F13F /* Assets.xcassets */,
				045D2A0B2A396DB100E7F13F /* LaunchScreen.storyboard */,
				045D2A0E2A396DB100E7F13F /* Info.plist */,
				045D2A062A396DAF00E7F13F /* OnePieceCoreDataProject.xcdatamodeld */,
			);
			path = OnePieceCoreDataProject;
			sourceTree = "<group>";
		};
/* End PBXGroup section */

/* Begin PBXNativeTarget section */
		045D29F92A396DAF00E7F13F /* OnePieceCoreDataProject */ = {
			isa = PBXNativeTarget;
			buildConfigurationList = 045D2A112A396DB100E7F13F /* Build configuration list for PBXNativeTarget "OnePieceCoreDataProject" */;
			buildPhases = (
				045D29F62A396DAF00E7F13F /* Sources */,
				045D29F72A396DAF00E7F13F /* Frameworks */,
				045D29F82A396DAF00E7F13F /* Resources */,
			);
			buildRules = (
			);
			dependencies = (
			);
			name = OnePieceCoreDataProject;
			productName = OnePieceCoreDataProject;
			productReference = 045D29FA2A396DAF00E7F13F /* OnePieceCoreDataProject.app */;
			productType = "com.apple.product-type.application";
		};
/* End PBXNativeTarget section */

/* Begin PBXProject section */
		045D29F22A396DAF00E7F13F /* Project object */ = {
			isa = PBXProject;
			attributes = {
				BuildIndependentTargetsInParallel = 1;
				LastSwiftUpdateCheck = 1410;
				LastUpgradeCheck = 1410;
				TargetAttributes = {
					045D29F92A396DAF00E7F13F = {
						CreatedOnToolsVersion = 14.1;
					};
				};
			};
			buildConfigurationList = 045D29F52A396DAF00E7F13F /* Build configuration list for PBXProject "OnePieceCoreDataProject" */;
			compatibilityVersion = "Xcode 14.0";
			developmentRegion = en;
			hasScannedForEncodings = 0;
			knownRegions = (
				en,
				Base,
			);
			mainGroup = 045D29F12A396DAF00E7F13F;
			productRefGroup = 045D29FB2A396DAF00E7F13F /* Products */;
			projectDirPath = "";
			projectRoot = "";
			targets = (
				045D29F92A396DAF00E7F13F /* OnePieceCoreDataProject */,
			);
		};
/* End PBXProject section */

/* Begin PBXResourcesBuildPhase section */
		045D29F82A396DAF00E7F13F /* Resources */ = {
			isa = PBXResourcesBuildPhase;
			buildActionMask = 2147483647;
			files = (
				045D2A0D2A396DB100E7F13F /* LaunchScreen.storyboard in Resources */,
				045D2A0A2A396DB100E7F13F /* Assets.xcassets in Resources */,
				045D2A052A396DAF00E7F13F /* Main.storyboard in Resources */,
			);
			runOnlyForDeploymentPostprocessing = 0;
		};
/* End PBXResourcesBuildPhase section */

/* Begin PBXSourcesBuildPhase section */
		045D29F62A396DAF00E7F13F /* Sources */ = {
			isa = PBXSourcesBuildPhase;
			buildActionMask = 2147483647;
			files = (
				045D2A172A3982BF00E7F13F /* UserModel.swift in Sources */,
				045D2A152A3976A200E7F13F /* TypeDisplayListViewController.swift in Sources */,
				045D2A022A396DAF00E7F13F /* TypeRegisterViewController.swift in Sources */,
				045D2A192A3983D800E7F13F /* Database Manager.swift in Sources */,
				045D29FE2A396DAF00E7F13F /* AppDelegate.swift in Sources */,
				045D2A082A396DAF00E7F13F /* OnePieceCoreDataProject.xcdatamodeld in Sources */,
				045D2A002A396DAF00E7F13F /* SceneDelegate.swift in Sources */,
			);
			runOnlyForDeploymentPostprocessing = 0;
		};
/* End PBXSourcesBuildPhase section */

/* Begin PBXVariantGroup section */
		045D2A032A396DAF00E7F13F /* Main.storyboard */ = {
			isa = PBXVariantGroup;
			children = (
				045D2A042A396DAF00E7F13F /* Base */,
			);
			name = Main.storyboard;
			sourceTree = "<group>";
		};
		045D2A0B2A396DB100E7F13F /* LaunchScreen.storyboard */ = {
			isa = PBXVariantGroup;
			children = (
				045D2A0C2A396DB100E7F13F /* Base */,
			);
			name = LaunchScreen.storyboard;
			sourceTree = "<group>";
		};
/* End PBXVariantGroup section */

/* Begin XCBuildConfiguration section */
		045D2A0F2A396DB100E7F13F /* Debug */ = {
			isa = XCBuildConfiguration;
			buildSettings = {
				ALWAYS_SEARCH_USER_PATHS = NO;
				CLANG_ANALYZER_NONNULL = YES;
				CLANG_ANALYZER_NUMBER_OBJECT_CONVERSION = YES_AGGRESSIVE;
				CLANG_CXX_LANGUAGE_STANDARD = "gnu++20";
				CLANG_ENABLE_MODULES = YES;
				CLANG_ENABLE_OBJC_ARC = YES;
				CLANG_ENABLE_OBJC_WEAK = YES;
				CLANG_WARN_BLOCK_CAPTURE_AUTORELEASING = YES;
				CLANG_WARN_BOOL_CONVERSION = YES;
				CLANG_WARN_COMMA = YES;
				CLANG_WARN_CONSTANT_CONVERSION = YES;
				CLANG_WARN_DEPRECATED_OBJC_IMPLEMENTATIONS = YES;
				CLANG_WARN_DIRECT_OBJC_ISA_USAGE = YES_ERROR;
				CLANG_WARN_DOCUMENTATION_COMMENTS = YES;
				CLANG_WARN_EMPTY_BODY = YES;
				CLANG_WARN_ENUM_CONVERSION = YES;
				CLANG_WARN_INFINITE_RECURSION = YES;
				CLANG_WARN_INT_CONVERSION = YES;
				CLANG_WARN_NON_LITERAL_NULL_CONVERSION = YES;
				CLANG_WARN_OBJC_IMPLICIT_RETAIN_SELF = YES;
				CLANG_WARN_OBJC_LITERAL_CONVERSION = YES;
				CLANG_WARN_OBJC_ROOT_CLASS = YES_ERROR;
				CLANG_WARN_QUOTED_INCLUDE_IN_FRAMEWORK_HEADER = YES;
				CLANG_WARN_RANGE_LOOP_ANALYSIS = YES;
				CLANG_WARN_STRICT_PROTOTYPES = YES;
				CLANG_WARN_SUSPICIOUS_MOVE = YES;
				CLANG_WARN_UNGUARDED_AVAILABILITY = YES_AGGRESSIVE;
				CLANG_WARN_UNREACHABLE_CODE = YES;
				CLANG_WARN__DUPLICATE_METHOD_MATCH = YES;
				COPY_PHASE_STRIP = NO;
				DEBUG_INFORMATION_FORMAT = dwarf;
				ENABLE_STRICT_OBJC_MSGSEND = YES;
				ENABLE_TESTABILITY = YES;
				GCC_C_LANGUAGE_STANDARD = gnu11;
				GCC_DYNAMIC_NO_PIC = NO;
				GCC_NO_COMMON_BLOCKS = YES;
				GCC_OPTIMIZATION_LEVEL = 0;
				GCC_PREPROCESSOR_DEFINITIONS = (
					"DEBUG=1",
					"$(inherited)",
				);
				GCC_WARN_64_TO_32_BIT_CONVERSION = YES;
				GCC_WARN_ABOUT_RETURN_TYPE = YES_ERROR;
				GCC_WARN_UNDECLARED_SELECTOR = YES;
				GCC_WARN_UNINITIALIZED_AUTOS = YES_AGGRESSIVE;
				GCC_WARN_UNUSED_FUNCTION = YES;
				GCC_WARN_UNUSED_VARIABLE = YES;
				IPHONEOS_DEPLOYMENT_TARGET = 16.1;
				MTL_ENABLE_DEBUG_INFO = INCLUDE_SOURCE;
				MTL_FAST_MATH = YES;
				ONLY_ACTIVE_ARCH = YES;
				SDKROOT = iphoneos;
				SWIFT_ACTIVE_COMPILATION_CONDITIONS = DEBUG;
				SWIFT_OPTIMIZATION_LEVEL = "-Onone";
			};
			name = Debug;
		};
		045D2A102A396DB100E7F13F /* Release */ = {
			isa = XCBuildConfiguration;
			buildSettings = {
				ALWAYS_SEARCH_USER_PATHS = NO;
				CLANG_ANALYZER_NONNULL = YES;
				CLANG_ANALYZER_NUMBER_OBJECT_CONVERSION = YES_AGGRESSIVE;
				CLANG_CXX_LANGUAGE_STANDARD = "gnu++20";
				CLANG_ENABLE_MODULES = YES;
				CLANG_ENABLE_OBJC_ARC = YES;
				CLANG_ENABLE_OBJC_WEAK = YES;
				CLANG_WARN_BLOCK_CAPTURE_AUTORELEASING = YES;
				CLANG_WARN_BOOL_CONVERSION = YES;
				CLANG_WARN_COMMA = YES;
				CLANG_WARN_CONSTANT_CONVERSION = YES;
				CLANG_WARN_DEPRECATED_OBJC_IMPLEMENTATIONS = YES;
				CLANG_WARN_DIRECT_OBJC_ISA_USAGE = YES_ERROR;
				CLANG_WARN_DOCUMENTATION_COMMENTS = YES;
				CLANG_WARN_EMPTY_BODY = YES;
				CLANG_WARN_ENUM_CONVERSION = YES;
				CLANG_WARN_INFINITE_RECURSION = YES;
				CLANG_WARN_INT_CONVERSION = YES;
				CLANG_WARN_NON_LITERAL_NULL_CONVERSION = YES;
				CLANG_WARN_OBJC_IMPLICIT_RETAIN_SELF = YES;
				CLANG_WARN_OBJC_LITERAL_CONVERSION = YES;
				CLANG_WARN_OBJC_ROOT_CLASS = YES_ERROR;
				CLANG_WARN_QUOTED_INCLUDE_IN_FRAMEWORK_HEADER = YES;
				CLANG_WARN_RANGE_LOOP_ANALYSIS = YES;
				CLANG_WARN_STRICT_PROTOTYPES = YES;
				CLANG_WARN_SUSPICIOUS_MOVE = YES;
				CLANG_WARN_UNGUARDED_AVAILABILITY = YES_AGGRESSIVE;
				CLANG_WARN_UNREACHABLE_CODE = YES;
				CLANG_WARN__DUPLICATE_METHOD_MATCH = YES;
				COPY_PHASE_STRIP = NO;
				DEBUG_INFORMATION_FORMAT = "dwarf-with-dsym";
				ENABLE_NS_ASSERTIONS = NO;
				ENABLE_STRICT_OBJC_MSGSEND = YES;
				GCC_C_LANGUAGE_STANDARD = gnu11;
				GCC_NO_COMMON_BLOCKS = YES;
				GCC_WARN_64_TO_32_BIT_CONVERSION = YES;
				GCC_WARN_ABOUT_RETURN_TYPE = YES_ERROR;
				GCC_WARN_UNDECLARED_SELECTOR = YES;
				GCC_WARN_UNINITIALIZED_AUTOS = YES_AGGRESSIVE;
				GCC_WARN_UNUSED_FUNCTION = YES;
				GCC_WARN_UNUSED_VARIABLE = YES;
				IPHONEOS_DEPLOYMENT_TARGET = 16.1;
				MTL_ENABLE_DEBUG_INFO = NO;
				MTL_FAST_MATH = YES;
				SDKROOT = iphoneos;
				SWIFT_COMPILATION_MODE = wholemodule;
				SWIFT_OPTIMIZATION_LEVEL = "-O";
				VALIDATE_PRODUCT = YES;
			};
			name = Release;
		};
		045D2A122A396DB100E7F13F /* Debug */ = {
			isa = XCBuildConfiguration;
			buildSettings = {
				ASSETCATALOG_COMPILER_APPICON_NAME = AppIcon;
				ASSETCATALOG_COMPILER_GLOBAL_ACCENT_COLOR_NAME = AccentColor;
				CODE_SIGN_STYLE = Automatic;
				CURRENT_PROJECT_VERSION = 1;
				DEVELOPMENT_TEAM = 3KB9H7FNZB;
				GENERATE_INFOPLIST_FILE = YES;
				INFOPLIST_FILE = OnePieceCoreDataProject/Info.plist;
				INFOPLIST_KEY_UIApplicationSupportsIndirectInputEvents = YES;
				INFOPLIST_KEY_UILaunchStoryboardName = LaunchScreen;
				INFOPLIST_KEY_UIMainStoryboardFile = Main;
				INFOPLIST_KEY_UISupportedInterfaceOrientations_iPad = "UIInterfaceOrientationPortrait UIInterfaceOrientationPortraitUpsideDown UIInterfaceOrientationLandscapeLeft UIInterfaceOrientationLandscapeRight";
				INFOPLIST_KEY_UISupportedInterfaceOrientations_iPhone = "UIInterfaceOrientationPortrait UIInterfaceOrientationLandscapeLeft UIInterfaceOrientationLandscapeRight";
				LD_RUNPATH_SEARCH_PATHS = (
					"$(inherited)",
					"@executable_path/Frameworks",
				);
				MARKETING_VERSION = 1.0;
				PRODUCT_BUNDLE_IDENTIFIER = com.sadia.OnePieceCoreDataProject;
				PRODUCT_NAME = "$(TARGET_NAME)";
				SUPPORTED_PLATFORMS = "iphoneos iphonesimulator";
				SUPPORTS_MACCATALYST = NO;
				SUPPORTS_MAC_DESIGNED_FOR_IPHONE_IPAD = NO;
				SWIFT_EMIT_LOC_STRINGS = YES;
				SWIFT_VERSION = 5.0;
				TARGETED_DEVICE_FAMILY = 1;
			};
			name = Debug;
		};
		045D2A132A396DB100E7F13F /* Release */ = {
			isa = XCBuildConfiguration;
			buildSettings = {
				ASSETCATALOG_COMPILER_APPICON_NAME = AppIcon;
				ASSETCATALOG_COMPILER_GLOBAL_ACCENT_COLOR_NAME = AccentColor;
				CODE_SIGN_STYLE = Automatic;
				CURRENT_PROJECT_VERSION = 1;
				DEVELOPMENT_TEAM = 3KB9H7FNZB;
				GENERATE_INFOPLIST_FILE = YES;
				INFOPLIST_FILE = OnePieceCoreDataProject/Info.plist;
				INFOPLIST_KEY_UIApplicationSupportsIndirectInputEvents = YES;
				INFOPLIST_KEY_UILaunchStoryboardName = LaunchScreen;
				INFOPLIST_KEY_UIMainStoryboardFile = Main;
				INFOPLIST_KEY_UISupportedInterfaceOrientations_iPad = "UIInterfaceOrientationPortrait UIInterfaceOrientationPortraitUpsideDown UIInterfaceOrientationLandscapeLeft UIInterfaceOrientationLandscapeRight";
				INFOPLIST_KEY_UISupportedInterfaceOrientations_iPhone = "UIInterfaceOrientationPortrait UIInterfaceOrientationLandscapeLeft UIInterfaceOrientationLandscapeRight";
				LD_RUNPATH_SEARCH_PATHS = (
					"$(inherited)",
					"@executable_path/Frameworks",
				);
				MARKETING_VERSION = 1.0;
				PRODUCT_BUNDLE_IDENTIFIER = com.sadia.OnePieceCoreDataProject;
				PRODUCT_NAME = "$(TARGET_NAME)";
				SUPPORTED_PLATFORMS = "iphoneos iphonesimulator";
				SUPPORTS_MACCATALYST = NO;
				SUPPORTS_MAC_DESIGNED_FOR_IPHONE_IPAD = NO;
				SWIFT_EMIT_LOC_STRINGS = YES;
				SWIFT_VERSION = 5.0;
				TARGETED_DEVICE_FAMILY = 1;
			};
			name = Release;
		};
/* End XCBuildConfiguration section */

/* Begin XCConfigurationList section */
		045D29F52A396DAF00E7F13F /* Build configuration list for PBXProject "OnePieceCoreDataProject" */ = {
			isa = XCConfigurationList;
			buildConfigurations = (
				045D2A0F2A396DB100E7F13F /* Debug */,
				045D2A102A396DB100E7F13F /* Release */,
			);
			defaultConfigurationIsVisible = 0;
			defaultConfigurationName = Release;
		};
		045D2A112A396DB100E7F13F /* Build configuration list for PBXNativeTarget "OnePieceCoreDataProject" */ = {
			isa = XCConfigurationList;
			buildConfigurations = (
				045D2A122A396DB100E7F13F /* Debug */,
				045D2A132A396DB100E7F13F /* Release */,
			);
			defaultConfigurationIsVisible = 0;
			defaultConfigurationName = Release;
		};
/* End XCConfigurationList section */

/* Begin XCVersionGroup section */
		045D2A062A396DAF00E7F13F /* OnePieceCoreDataProject.xcdatamodeld */ = {
			isa = XCVersionGroup;
			children = (
				045D2A072A396DAF00E7F13F /* OnePieceCoreDataProject.xcdatamodel */,
			);
			currentVersion = 045D2A072A396DAF00E7F13F /* OnePieceCoreDataProject.xcdatamodel */;
			path = OnePieceCoreDataProject.xcdatamodeld;
			sourceTree = "<group>";
			versionGroupType = wrapper.xcdatamodel;
		};
/* End XCVersionGroup section */
	};
	rootObject = 045D29F22A396DAF00E7F13F /* Project object */;
}
